// !$*UTF8*$!
{
	archiveVersion = 1;
	classes = {
	};
	objectVersion = 56;
	objects = {

/* Begin PBXBuildFile section */
		1C8F85F12B5FEC9F006065E0 /* UnsplashAppApp.swift in Sources */ = {isa = PBXBuildFile; fileRef = 1C8F85F02B5FEC9F006065E0 /* UnsplashAppApp.swift */; };
		1C8F85F32B5FEC9F006065E0 /* ContentView.swift in Sources */ = {isa = PBXBuildFile; fileRef = 1C8F85F22B5FEC9F006065E0 /* ContentView.swift */; };
		1C8F85F52B5FECA0006065E0 /* Assets.xcassets in Resources */ = {isa = PBXBuildFile; fileRef = 1C8F85F42B5FECA0006065E0 /* Assets.xcassets */; };
		1C8F85F82B5FECA0006065E0 /* Preview Assets.xcassets in Resources */ = {isa = PBXBuildFile; fileRef = 1C8F85F72B5FECA0006065E0 /* Preview Assets.xcassets */; };
		1C8F86022B5FECA1006065E0 /* UnsplashAppTests.swift in Sources */ = {isa = PBXBuildFile; fileRef = 1C8F86012B5FECA1006065E0 /* UnsplashAppTests.swift */; };
		1C8F860C2B5FECA1006065E0 /* UnsplashAppUITests.swift in Sources */ = {isa = PBXBuildFile; fileRef = 1C8F860B2B5FECA1006065E0 /* UnsplashAppUITests.swift */; };
		1C8F860E2B5FECA1006065E0 /* UnsplashAppUITestsLaunchTests.swift in Sources */ = {isa = PBXBuildFile; fileRef = 1C8F860D2B5FECA1006065E0 /* UnsplashAppUITestsLaunchTests.swift */; };
		1C8F861D2B600CEE006065E0 /* PListManager.swift in Sources */ = {isa = PBXBuildFile; fileRef = 1C8F861C2B600CEE006065E0 /* PListManager.swift */; };
		1C8F861F2B600D2D006065E0 /* environment.plist in Resources */ = {isa = PBXBuildFile; fileRef = 1C8F861E2B600D2D006065E0 /* environment.plist */; };
		1C8F86212B601706006065E0 /* UnsplashAPI.swift in Sources */ = {isa = PBXBuildFile; fileRef = 1C8F86202B601706006065E0 /* UnsplashAPI.swift */; };
		1C8F86232B6019C3006065E0 /* FeedState.swift in Sources */ = {isa = PBXBuildFile; fileRef = 1C8F86222B6019C3006065E0 /* FeedState.swift */; };
		1CF12EAA2B611DAB0039DC8E /* UnsplashPhoto.swift in Sources */ = {isa = PBXBuildFile; fileRef = 1CF12EA92B611DAB0039DC8E /* UnsplashPhoto.swift */; };
		1CF12EAC2B611F270039DC8E /* unsplashTopic.swift in Sources */ = {isa = PBXBuildFile; fileRef = 1CF12EAB2B611F270039DC8E /* unsplashTopic.swift */; };
		1CF12EAE2B611FCD0039DC8E /* TopicDetailsView.swift in Sources */ = {isa = PBXBuildFile; fileRef = 1CF12EAD2B611FCD0039DC8E /* TopicDetailsView.swift */; };
		1CF12EB02B6121580039DC8E /* Grid.swift in Sources */ = {isa = PBXBuildFile; fileRef = 1CF12EAF2B6121580039DC8E /* Grid.swift */; };
		1CF12EB22B61219F0039DC8E /* ImageDetailView.swift in Sources */ = {isa = PBXBuildFile; fileRef = 1CF12EB12B61219F0039DC8E /* ImageDetailView.swift */; };
		1CF12EB72B61505B0039DC8E /* detailAuthor.swift in Sources */ = {isa = PBXBuildFile; fileRef = 1CF12EB52B614B530039DC8E /* detailAuthor.swift */; };
/* End PBXBuildFile section */

/* Begin PBXContainerItemProxy section */
		1C8F85FE2B5FECA1006065E0 /* PBXContainerItemProxy */ = {
			isa = PBXContainerItemProxy;
			containerPortal = 1C8F85E52B5FEC9F006065E0 /* Project object */;
			proxyType = 1;
			remoteGlobalIDString = 1C8F85EC2B5FEC9F006065E0;
			remoteInfo = UnsplashApp;
		};
		1C8F86082B5FECA1006065E0 /* PBXContainerItemProxy */ = {
			isa = PBXContainerItemProxy;
			containerPortal = 1C8F85E52B5FEC9F006065E0 /* Project object */;
			proxyType = 1;
			remoteGlobalIDString = 1C8F85EC2B5FEC9F006065E0;
			remoteInfo = UnsplashApp;
		};
/* End PBXContainerItemProxy section */

/* Begin PBXFileReference section */
		1C8F85ED2B5FEC9F006065E0 /* UnsplashApp.app */ = {isa = PBXFileReference; explicitFileType = wrapper.application; includeInIndex = 0; path = UnsplashApp.app; sourceTree = BUILT_PRODUCTS_DIR; };
		1C8F85F02B5FEC9F006065E0 /* UnsplashAppApp.swift */ = {isa = PBXFileReference; lastKnownFileType = sourcecode.swift; path = UnsplashAppApp.swift; sourceTree = "<group>"; };
		1C8F85F22B5FEC9F006065E0 /* ContentView.swift */ = {isa = PBXFileReference; lastKnownFileType = sourcecode.swift; path = ContentView.swift; sourceTree = "<group>"; };
		1C8F85F42B5FECA0006065E0 /* Assets.xcassets */ = {isa = PBXFileReference; lastKnownFileType = folder.assetcatalog; path = Assets.xcassets; sourceTree = "<group>"; };
		1C8F85F72B5FECA0006065E0 /* Preview Assets.xcassets */ = {isa = PBXFileReference; lastKnownFileType = folder.assetcatalog; path = "Preview Assets.xcassets"; sourceTree = "<group>"; };
		1C8F85FD2B5FECA1006065E0 /* UnsplashAppTests.xctest */ = {isa = PBXFileReference; explicitFileType = wrapper.cfbundle; includeInIndex = 0; path = UnsplashAppTests.xctest; sourceTree = BUILT_PRODUCTS_DIR; };
		1C8F86012B5FECA1006065E0 /* UnsplashAppTests.swift */ = {isa = PBXFileReference; lastKnownFileType = sourcecode.swift; path = UnsplashAppTests.swift; sourceTree = "<group>"; };
		1C8F86072B5FECA1006065E0 /* UnsplashAppUITests.xctest */ = {isa = PBXFileReference; explicitFileType = wrapper.cfbundle; includeInIndex = 0; path = UnsplashAppUITests.xctest; sourceTree = BUILT_PRODUCTS_DIR; };
		1C8F860B2B5FECA1006065E0 /* UnsplashAppUITests.swift */ = {isa = PBXFileReference; lastKnownFileType = sourcecode.swift; path = UnsplashAppUITests.swift; sourceTree = "<group>"; };
		1C8F860D2B5FECA1006065E0 /* UnsplashAppUITestsLaunchTests.swift */ = {isa = PBXFileReference; lastKnownFileType = sourcecode.swift; path = UnsplashAppUITestsLaunchTests.swift; sourceTree = "<group>"; };
		1C8F861C2B600CEE006065E0 /* PListManager.swift */ = {isa = PBXFileReference; fileEncoding = 4; lastKnownFileType = sourcecode.swift; name = PListManager.swift; path = "../../../Downloads/0d9d9bddbfa31f5659abd6e3ca6aca62-d09fbb886c995d3ac7816e5232d467ae23cf43a1/PListManager.swift"; sourceTree = "<group>"; };
		1C8F861E2B600D2D006065E0 /* environment.plist */ = {isa = PBXFileReference; lastKnownFileType = text.plist.xml; path = environment.plist; sourceTree = "<group>"; };
		1C8F86202B601706006065E0 /* UnsplashAPI.swift */ = {isa = PBXFileReference; lastKnownFileType = sourcecode.swift; path = UnsplashAPI.swift; sourceTree = "<group>"; };
		1C8F86222B6019C3006065E0 /* FeedState.swift */ = {isa = PBXFileReference; lastKnownFileType = sourcecode.swift; path = FeedState.swift; sourceTree = "<group>"; };
		1CF12EA92B611DAB0039DC8E /* UnsplashPhoto.swift */ = {isa = PBXFileReference; lastKnownFileType = sourcecode.swift; path = UnsplashPhoto.swift; sourceTree = "<group>"; };
		1CF12EAB2B611F270039DC8E /* unsplashTopic.swift */ = {isa = PBXFileReference; lastKnownFileType = sourcecode.swift; path = unsplashTopic.swift; sourceTree = "<group>"; };
		1CF12EAD2B611FCD0039DC8E /* TopicDetailsView.swift */ = {isa = PBXFileReference; lastKnownFileType = sourcecode.swift; path = TopicDetailsView.swift; sourceTree = "<group>"; };
		1CF12EAF2B6121580039DC8E /* Grid.swift */ = {isa = PBXFileReference; lastKnownFileType = sourcecode.swift; path = Grid.swift; sourceTree = "<group>"; };
		1CF12EB12B61219F0039DC8E /* ImageDetailView.swift */ = {isa = PBXFileReference; lastKnownFileType = sourcecode.swift; path = ImageDetailView.swift; sourceTree = "<group>"; };
		1CF12EB52B614B530039DC8E /* detailAuthor.swift */ = {isa = PBXFileReference; lastKnownFileType = sourcecode.swift; path = detailAuthor.swift; sourceTree = "<group>"; };
		1CF12EB82B615F0F0039DC8E /* Info.plist */ = {isa = PBXFileReference; lastKnownFileType = text.plist; path = Info.plist; sourceTree = "<group>"; };
/* End PBXFileReference section */

/* Begin PBXFrameworksBuildPhase section */
		1C8F85EA2B5FEC9F006065E0 /* Frameworks */ = {
			isa = PBXFrameworksBuildPhase;
			buildActionMask = 2147483647;
			files = (
			);
			runOnlyForDeploymentPostprocessing = 0;
		};
		1C8F85FA2B5FECA1006065E0 /* Frameworks */ = {
			isa = PBXFrameworksBuildPhase;
			buildActionMask = 2147483647;
			files = (
			);
			runOnlyForDeploymentPostprocessing = 0;
		};
		1C8F86042B5FECA1006065E0 /* Frameworks */ = {
			isa = PBXFrameworksBuildPhase;
			buildActionMask = 2147483647;
			files = (
			);
			runOnlyForDeploymentPostprocessing = 0;
		};
/* End PBXFrameworksBuildPhase section */

/* Begin PBXGroup section */
		1C8F85E42B5FEC9F006065E0 = {
			isa = PBXGroup;
			children = (
				1C8F85EF2B5FEC9F006065E0 /* UnsplashApp */,
				1C8F86002B5FECA1006065E0 /* UnsplashAppTests */,
				1C8F860A2B5FECA1006065E0 /* UnsplashAppUITests */,
				1C8F85EE2B5FEC9F006065E0 /* Products */,
			);
			sourceTree = "<group>";
		};
		1C8F85EE2B5FEC9F006065E0 /* Products */ = {
			isa = PBXGroup;
			children = (
				1C8F85ED2B5FEC9F006065E0 /* UnsplashApp.app */,
				1C8F85FD2B5FECA1006065E0 /* UnsplashAppTests.xctest */,
				1C8F86072B5FECA1006065E0 /* UnsplashAppUITests.xctest */,
			);
			name = Products;
			sourceTree = "<group>";
		};
		1C8F85EF2B5FEC9F006065E0 /* UnsplashApp */ = {
			isa = PBXGroup;
			children = (
				1CF12EB82B615F0F0039DC8E /* Info.plist */,
				1CF12EB52B614B530039DC8E /* detailAuthor.swift */,
				1C8F86202B601706006065E0 /* UnsplashAPI.swift */,
				1C8F861C2B600CEE006065E0 /* PListManager.swift */,
				1C8F861E2B600D2D006065E0 /* environment.plist */,
				1C8F85F02B5FEC9F006065E0 /* UnsplashAppApp.swift */,
				1C8F85F22B5FEC9F006065E0 /* ContentView.swift */,
				1CF12EAF2B6121580039DC8E /* Grid.swift */,
				1CF12EB12B61219F0039DC8E /* ImageDetailView.swift */,
				1CF12EAD2B611FCD0039DC8E /* TopicDetailsView.swift */,
				1C8F86222B6019C3006065E0 /* FeedState.swift */,
				1CF12EAB2B611F270039DC8E /* unsplashTopic.swift */,
				1CF12EA92B611DAB0039DC8E /* UnsplashPhoto.swift */,
				1C8F85F42B5FECA0006065E0 /* Assets.xcassets */,
				1C8F85F62B5FECA0006065E0 /* Preview Content */,
			);
			path = UnsplashApp;
			sourceTree = "<group>";
		};
		1C8F85F62B5FECA0006065E0 /* Preview Content */ = {
			isa = PBXGroup;
			children = (
				1C8F85F72B5FECA0006065E0 /* Preview Assets.xcassets */,
			);
			path = "Preview Content";
			sourceTree = "<group>";
		};
		1C8F86002B5FECA1006065E0 /* UnsplashAppTests */ = {
			isa = PBXGroup;
			children = (
				1C8F86012B5FECA1006065E0 /* UnsplashAppTests.swift */,
			);
			path = UnsplashAppTests;
			sourceTree = "<group>";
		};
		1C8F860A2B5FECA1006065E0 /* UnsplashAppUITests */ = {
			isa = PBXGroup;
			children = (
				1C8F860B2B5FECA1006065E0 /* UnsplashAppUITests.swift */,
				1C8F860D2B5FECA1006065E0 /* UnsplashAppUITestsLaunchTests.swift */,
			);
			path = UnsplashAppUITests;
			sourceTree = "<group>";
		};
/* End PBXGroup section */

/* Begin PBXNativeTarget section */
		1C8F85EC2B5FEC9F006065E0 /* UnsplashApp */ = {
			isa = PBXNativeTarget;
			buildConfigurationList = 1C8F86112B5FECA1006065E0 /* Build configuration list for PBXNativeTarget "UnsplashApp" */;
			buildPhases = (
				1C8F85E92B5FEC9F006065E0 /* Sources */,
				1C8F85EA2B5FEC9F006065E0 /* Frameworks */,
				1C8F85EB2B5FEC9F006065E0 /* Resources */,
			);
			buildRules = (
			);
			dependencies = (
			);
			name = UnsplashApp;
			productName = UnsplashApp;
			productReference = 1C8F85ED2B5FEC9F006065E0 /* UnsplashApp.app */;
			productType = "com.apple.product-type.application";
		};
		1C8F85FC2B5FECA1006065E0 /* UnsplashAppTests */ = {
			isa = PBXNativeTarget;
			buildConfigurationList = 1C8F86142B5FECA1006065E0 /* Build configuration list for PBXNativeTarget "UnsplashAppTests" */;
			buildPhases = (
				1C8F85F92B5FECA1006065E0 /* Sources */,
				1C8F85FA2B5FECA1006065E0 /* Frameworks */,
				1C8F85FB2B5FECA1006065E0 /* Resources */,
			);
			buildRules = (
			);
			dependencies = (
				1C8F85FF2B5FECA1006065E0 /* PBXTargetDependency */,
			);
			name = UnsplashAppTests;
			productName = UnsplashAppTests;
			productReference = 1C8F85FD2B5FECA1006065E0 /* UnsplashAppTests.xctest */;
			productType = "com.apple.product-type.bundle.unit-test";
		};
		1C8F86062B5FECA1006065E0 /* UnsplashAppUITests */ = {
			isa = PBXNativeTarget;
			buildConfigurationList = 1C8F86172B5FECA1006065E0 /* Build configuration list for PBXNativeTarget "UnsplashAppUITests" */;
			buildPhases = (
				1C8F86032B5FECA1006065E0 /* Sources */,
				1C8F86042B5FECA1006065E0 /* Frameworks */,
				1C8F86052B5FECA1006065E0 /* Resources */,
			);
			buildRules = (
			);
			dependencies = (
				1C8F86092B5FECA1006065E0 /* PBXTargetDependency */,
			);
			name = UnsplashAppUITests;
			productName = UnsplashAppUITests;
			productReference = 1C8F86072B5FECA1006065E0 /* UnsplashAppUITests.xctest */;
			productType = "com.apple.product-type.bundle.ui-testing";
		};
/* End PBXNativeTarget section */

/* Begin PBXProject section */
		1C8F85E52B5FEC9F006065E0 /* Project object */ = {
			isa = PBXProject;
			attributes = {
				BuildIndependentTargetsInParallel = 1;
				LastSwiftUpdateCheck = 1500;
				LastUpgradeCheck = 1500;
				TargetAttributes = {
					1C8F85EC2B5FEC9F006065E0 = {
						CreatedOnToolsVersion = 15.0.1;
					};
					1C8F85FC2B5FECA1006065E0 = {
						CreatedOnToolsVersion = 15.0.1;
						TestTargetID = 1C8F85EC2B5FEC9F006065E0;
					};
					1C8F86062B5FECA1006065E0 = {
						CreatedOnToolsVersion = 15.0.1;
						TestTargetID = 1C8F85EC2B5FEC9F006065E0;
					};
				};
			};
			buildConfigurationList = 1C8F85E82B5FEC9F006065E0 /* Build configuration list for PBXProject "UnsplashApp" */;
			compatibilityVersion = "Xcode 14.0";
			developmentRegion = en;
			hasScannedForEncodings = 0;
			knownRegions = (
				en,
				Base,
			);
			mainGroup = 1C8F85E42B5FEC9F006065E0;
			productRefGroup = 1C8F85EE2B5FEC9F006065E0 /* Products */;
			projectDirPath = "";
			projectRoot = "";
			targets = (
				1C8F85EC2B5FEC9F006065E0 /* UnsplashApp */,
				1C8F85FC2B5FECA1006065E0 /* UnsplashAppTests */,
				1C8F86062B5FECA1006065E0 /* UnsplashAppUITests */,
			);
		};
/* End PBXProject section */

/* Begin PBXResourcesBuildPhase section */
		1C8F85EB2B5FEC9F006065E0 /* Resources */ = {
			isa = PBXResourcesBuildPhase;
			buildActionMask = 2147483647;
			files = (
				1C8F85F82B5FECA0006065E0 /* Preview Assets.xcassets in Resources */,
				1C8F85F52B5FECA0006065E0 /* Assets.xcassets in Resources */,
				1C8F861F2B600D2D006065E0 /* environment.plist in Resources */,
			);
			runOnlyForDeploymentPostprocessing = 0;
		};
		1C8F85FB2B5FECA1006065E0 /* Resources */ = {
			isa = PBXResourcesBuildPhase;
			buildActionMask = 2147483647;
			files = (
			);
			runOnlyForDeploymentPostprocessing = 0;
		};
		1C8F86052B5FECA1006065E0 /* Resources */ = {
			isa = PBXResourcesBuildPhase;
			buildActionMask = 2147483647;
			files = (
			);
			runOnlyForDeploymentPostprocessing = 0;
		};
/* End PBXResourcesBuildPhase section */

/* Begin PBXSourcesBuildPhase section */
		1C8F85E92B5FEC9F006065E0 /* Sources */ = {
			isa = PBXSourcesBuildPhase;
			buildActionMask = 2147483647;
			files = (
				1C8F861D2B600CEE006065E0 /* PListManager.swift in Sources */,
				1CF12EAE2B611FCD0039DC8E /* TopicDetailsView.swift in Sources */,
				1C8F86212B601706006065E0 /* UnsplashAPI.swift in Sources */,
				1C8F85F32B5FEC9F006065E0 /* ContentView.swift in Sources */,
				1CF12EB72B61505B0039DC8E /* detailAuthor.swift in Sources */,
				1CF12EAC2B611F270039DC8E /* unsplashTopic.swift in Sources */,
				1C8F86232B6019C3006065E0 /* FeedState.swift in Sources */,
				1CF12EAA2B611DAB0039DC8E /* UnsplashPhoto.swift in Sources */,
				1C8F85F12B5FEC9F006065E0 /* UnsplashAppApp.swift in Sources */,
				1CF12EB02B6121580039DC8E /* Grid.swift in Sources */,
				1CF12EB22B61219F0039DC8E /* ImageDetailView.swift in Sources */,
			);
			runOnlyForDeploymentPostprocessing = 0;
		};
		1C8F85F92B5FECA1006065E0 /* Sources */ = {
			isa = PBXSourcesBuildPhase;
			buildActionMask = 2147483647;
			files = (
				1C8F86022B5FECA1006065E0 /* UnsplashAppTests.swift in Sources */,
			);
			runOnlyForDeploymentPostprocessing = 0;
		};
		1C8F86032B5FECA1006065E0 /* Sources */ = {
			isa = PBXSourcesBuildPhase;
			buildActionMask = 2147483647;
			files = (
				1C8F860E2B5FECA1006065E0 /* UnsplashAppUITestsLaunchTests.swift in Sources */,
				1C8F860C2B5FECA1006065E0 /* UnsplashAppUITests.swift in Sources */,
			);
			runOnlyForDeploymentPostprocessing = 0;
		};
/* End PBXSourcesBuildPhase section */

/* Begin PBXTargetDependency section */
		1C8F85FF2B5FECA1006065E0 /* PBXTargetDependency */ = {
			isa = PBXTargetDependency;
			target = 1C8F85EC2B5FEC9F006065E0 /* UnsplashApp */;
			targetProxy = 1C8F85FE2B5FECA1006065E0 /* PBXContainerItemProxy */;
		};
		1C8F86092B5FECA1006065E0 /* PBXTargetDependency */ = {
			isa = PBXTargetDependency;
			target = 1C8F85EC2B5FEC9F006065E0 /* UnsplashApp */;
			targetProxy = 1C8F86082B5FECA1006065E0 /* PBXContainerItemProxy */;
		};
/* End PBXTargetDependency section */

/* Begin XCBuildConfiguration section */
		1C8F860F2B5FECA1006065E0 /* Debug */ = {
			isa = XCBuildConfiguration;
			buildSettings = {
				ALWAYS_SEARCH_USER_PATHS = NO;
				ASSETCATALOG_COMPILER_GENERATE_SWIFT_ASSET_SYMBOL_EXTENSIONS = YES;
				CLANG_ANALYZER_NONNULL = YES;
				CLANG_ANALYZER_NUMBER_OBJECT_CONVERSION = YES_AGGRESSIVE;
				CLANG_CXX_LANGUAGE_STANDARD = "gnu++20";
				CLANG_ENABLE_MODULES = YES;
				CLANG_ENABLE_OBJC_ARC = YES;
				CLANG_ENABLE_OBJC_WEAK = YES;
				CLANG_WARN_BLOCK_CAPTURE_AUTORELEASING = YES;
				CLANG_WARN_BOOL_CONVERSION = YES;
				CLANG_WARN_COMMA = YES;
				CLANG_WARN_CONSTANT_CONVERSION = YES;
				CLANG_WARN_DEPRECATED_OBJC_IMPLEMENTATIONS = YES;
				CLANG_WARN_DIRECT_OBJC_ISA_USAGE = YES_ERROR;
				CLANG_WARN_DOCUMENTATION_COMMENTS = YES;
				CLANG_WARN_EMPTY_BODY = YES;
				CLANG_WARN_ENUM_CONVERSION = YES;
				CLANG_WARN_INFINITE_RECURSION = YES;
				CLANG_WARN_INT_CONVERSION = YES;
				CLANG_WARN_NON_LITERAL_NULL_CONVERSION = YES;
				CLANG_WARN_OBJC_IMPLICIT_RETAIN_SELF = YES;
				CLANG_WARN_OBJC_LITERAL_CONVERSION = YES;
				CLANG_WARN_OBJC_ROOT_CLASS = YES_ERROR;
				CLANG_WARN_QUOTED_INCLUDE_IN_FRAMEWORK_HEADER = YES;
				CLANG_WARN_RANGE_LOOP_ANALYSIS = YES;
				CLANG_WARN_STRICT_PROTOTYPES = YES;
				CLANG_WARN_SUSPICIOUS_MOVE = YES;
				CLANG_WARN_UNGUARDED_AVAILABILITY = YES_AGGRESSIVE;
				CLANG_WARN_UNREACHABLE_CODE = YES;
				CLANG_WARN__DUPLICATE_METHOD_MATCH = YES;
				COPY_PHASE_STRIP = NO;
				DEBUG_INFORMATION_FORMAT = dwarf;
				ENABLE_STRICT_OBJC_MSGSEND = YES;
				ENABLE_TESTABILITY = YES;
				ENABLE_USER_SCRIPT_SANDBOXING = YES;
				GCC_C_LANGUAGE_STANDARD = gnu17;
				GCC_DYNAMIC_NO_PIC = NO;
				GCC_NO_COMMON_BLOCKS = YES;
				GCC_OPTIMIZATION_LEVEL = 0;
				GCC_PREPROCESSOR_DEFINITIONS = (
					"DEBUG=1",
					"$(inherited)",
				);
				GCC_WARN_64_TO_32_BIT_CONVERSION = YES;
				GCC_WARN_ABOUT_RETURN_TYPE = YES_ERROR;
				GCC_WARN_UNDECLARED_SELECTOR = YES;
				GCC_WARN_UNINITIALIZED_AUTOS = YES_AGGRESSIVE;
				GCC_WARN_UNUSED_FUNCTION = YES;
				GCC_WARN_UNUSED_VARIABLE = YES;
				IPHONEOS_DEPLOYMENT_TARGET = 17.0;
				LOCALIZATION_PREFERS_STRING_CATALOGS = YES;
				MTL_ENABLE_DEBUG_INFO = INCLUDE_SOURCE;
				MTL_FAST_MATH = YES;
				ONLY_ACTIVE_ARCH = YES;
				SDKROOT = iphoneos;
				SWIFT_ACTIVE_COMPILATION_CONDITIONS = "DEBUG $(inherited)";
				SWIFT_OPTIMIZATION_LEVEL = "-Onone";
			};
			name = Debug;
		};
		1C8F86102B5FECA1006065E0 /* Release */ = {
			isa = XCBuildConfiguration;
			buildSettings = {
				ALWAYS_SEARCH_USER_PATHS = NO;
				ASSETCATALOG_COMPILER_GENERATE_SWIFT_ASSET_SYMBOL_EXTENSIONS = YES;
				CLANG_ANALYZER_NONNULL = YES;
				CLANG_ANALYZER_NUMBER_OBJECT_CONVERSION = YES_AGGRESSIVE;
				CLANG_CXX_LANGUAGE_STANDARD = "gnu++20";
				CLANG_ENABLE_MODULES = YES;
				CLANG_ENABLE_OBJC_ARC = YES;
				CLANG_ENABLE_OBJC_WEAK = YES;
				CLANG_WARN_BLOCK_CAPTURE_AUTORELEASING = YES;
				CLANG_WARN_BOOL_CONVERSION = YES;
				CLANG_WARN_COMMA = YES;
				CLANG_WARN_CONSTANT_CONVERSION = YES;
				CLANG_WARN_DEPRECATED_OBJC_IMPLEMENTATIONS = YES;
				CLANG_WARN_DIRECT_OBJC_ISA_USAGE = YES_ERROR;
				CLANG_WARN_DOCUMENTATION_COMMENTS = YES;
				CLANG_WARN_EMPTY_BODY = YES;
				CLANG_WARN_ENUM_CONVERSION = YES;
				CLANG_WARN_INFINITE_RECURSION = YES;
				CLANG_WARN_INT_CONVERSION = YES;
				CLANG_WARN_NON_LITERAL_NULL_CONVERSION = YES;
				CLANG_WARN_OBJC_IMPLICIT_RETAIN_SELF = YES;
				CLANG_WARN_OBJC_LITERAL_CONVERSION = YES;
				CLANG_WARN_OBJC_ROOT_CLASS = YES_ERROR;
				CLANG_WARN_QUOTED_INCLUDE_IN_FRAMEWORK_HEADER = YES;
				CLANG_WARN_RANGE_LOOP_ANALYSIS = YES;
				CLANG_WARN_STRICT_PROTOTYPES = YES;
				CLANG_WARN_SUSPICIOUS_MOVE = YES;
				CLANG_WARN_UNGUARDED_AVAILABILITY = YES_AGGRESSIVE;
				CLANG_WARN_UNREACHABLE_CODE = YES;
				CLANG_WARN__DUPLICATE_METHOD_MATCH = YES;
				COPY_PHASE_STRIP = NO;
				DEBUG_INFORMATION_FORMAT = "dwarf-with-dsym";
				ENABLE_NS_ASSERTIONS = NO;
				ENABLE_STRICT_OBJC_MSGSEND = YES;
				ENABLE_USER_SCRIPT_SANDBOXING = YES;
				GCC_C_LANGUAGE_STANDARD = gnu17;
				GCC_NO_COMMON_BLOCKS = YES;
				GCC_WARN_64_TO_32_BIT_CONVERSION = YES;
				GCC_WARN_ABOUT_RETURN_TYPE = YES_ERROR;
				GCC_WARN_UNDECLARED_SELECTOR = YES;
				GCC_WARN_UNINITIALIZED_AUTOS = YES_AGGRESSIVE;
				GCC_WARN_UNUSED_FUNCTION = YES;
				GCC_WARN_UNUSED_VARIABLE = YES;
				IPHONEOS_DEPLOYMENT_TARGET = 17.0;
				LOCALIZATION_PREFERS_STRING_CATALOGS = YES;
				MTL_ENABLE_DEBUG_INFO = NO;
				MTL_FAST_MATH = YES;
				SDKROOT = iphoneos;
				SWIFT_COMPILATION_MODE = wholemodule;
				VALIDATE_PRODUCT = YES;
			};
			name = Release;
		};
		1C8F86122B5FECA1006065E0 /* Debug */ = {
			isa = XCBuildConfiguration;
			buildSettings = {
				ASSETCATALOG_COMPILER_APPICON_NAME = AppIcon;
				ASSETCATALOG_COMPILER_GLOBAL_ACCENT_COLOR_NAME = AccentColor;
				CODE_SIGN_STYLE = Automatic;
				CURRENT_PROJECT_VERSION = 1;
				DEVELOPMENT_ASSET_PATHS = "\"UnsplashApp/Preview Content\"";
				ENABLE_PREVIEWS = YES;
				GENERATE_INFOPLIST_FILE = YES;
				INFOPLIST_FILE = UnsplashApp/Info.plist;
				INFOPLIST_KEY_LSApplicationCategoryType = "";
				INFOPLIST_KEY_NSPhotoLibraryAddUsageDescription = "Téléchargement";
				INFOPLIST_KEY_NSPhotoLibraryUsageDescription = wtf;
				INFOPLIST_KEY_UIApplicationSceneManifest_Generation = YES;
				INFOPLIST_KEY_UIApplicationSupportsIndirectInputEvents = YES;
				INFOPLIST_KEY_UILaunchScreen_Generation = YES;
				INFOPLIST_KEY_UISupportedInterfaceOrientations_iPad = "UIInterfaceOrientationPortrait UIInterfaceOrientationPortraitUpsideDown UIInterfaceOrientationLandscapeLeft UIInterfaceOrientationLandscapeRight";
				INFOPLIST_KEY_UISupportedInterfaceOrientations_iPhone = "UIInterfaceOrientationPortrait UIInterfaceOrientationLandscapeLeft UIInterfaceOrientationLandscapeRight";
				LD_RUNPATH_SEARCH_PATHS = (
					"$(inherited)",
					"@executable_path/Frameworks",
				);
				MARKETING_VERSION = 1.0;
				PRODUCT_BUNDLE_IDENTIFIER = IUT.UnsplashApp;
				PRODUCT_NAME = "$(TARGET_NAME)";
				SWIFT_EMIT_LOC_STRINGS = YES;
				SWIFT_VERSION = 5.0;
				TARGETED_DEVICE_FAMILY = "1,2";
			};
			name = Debug;
		};
		1C8F86132B5FECA1006065E0 /* Release */ = {
			isa = XCBuildConfiguration;
			buildSettings = {
				ASSETCATALOG_COMPILER_APPICON_NAME = AppIcon;
				ASSETCATALOG_COMPILER_GLOBAL_ACCENT_COLOR_NAME = AccentColor;
				CODE_SIGN_STYLE = Automatic;
				CURRENT_PROJECT_VERSION = 1;
				DEVELOPMENT_ASSET_PATHS = "\"UnsplashApp/Preview Content\"";
				ENABLE_PREVIEWS = YES;
				GENERATE_INFOPLIST_FILE = YES;
				INFOPLIST_FILE = UnsplashApp/Info.plist;
				INFOPLIST_KEY_LSApplicationCategoryType = "";
				INFOPLIST_KEY_NSPhotoLibraryAddUsageDescription = "Téléchargement";
				INFOPLIST_KEY_NSPhotoLibraryUsageDescription = wtf;
				INFOPLIST_KEY_UIApplicationSceneManifest_Generation = YES;
				INFOPLIST_KEY_UIApplicationSupportsIndirectInputEvents = YES;
				INFOPLIST_KEY_UILaunchScreen_Generation = YES;
				INFOPLIST_KEY_UISupportedInterfaceOrientations_iPad = "UIInterfaceOrientationPortrait UIInterfaceOrientationPortraitUpsideDown UIInterfaceOrientationLandscapeLeft UIInterfaceOrientationLandscapeRight";
				INFOPLIST_KEY_UISupportedInterfaceOrientations_iPhone = "UIInterfaceOrientationPortrait UIInterfaceOrientationLandscapeLeft UIInterfaceOrientationLandscapeRight";
				LD_RUNPATH_SEARCH_PATHS = (
					"$(inherited)",
					"@executable_path/Frameworks",
				);
				MARKETING_VERSION = 1.0;
				PRODUCT_BUNDLE_IDENTIFIER = IUT.UnsplashApp;
				PRODUCT_NAME = "$(TARGET_NAME)";
				SWIFT_EMIT_LOC_STRINGS = YES;
				SWIFT_VERSION = 5.0;
				TARGETED_DEVICE_FAMILY = "1,2";
			};
			name = Release;
		};
		1C8F86152B5FECA1006065E0 /* Debug */ = {
			isa = XCBuildConfiguration;
			buildSettings = {
				ALWAYS_EMBED_SWIFT_STANDARD_LIBRARIES = YES;
				BUNDLE_LOADER = "$(TEST_HOST)";
				CODE_SIGN_STYLE = Automatic;
				CURRENT_PROJECT_VERSION = 1;
				GENERATE_INFOPLIST_FILE = YES;
				IPHONEOS_DEPLOYMENT_TARGET = 17.0;
				MARKETING_VERSION = 1.0;
				PRODUCT_BUNDLE_IDENTIFIER = IUT.UnsplashAppTests;
				PRODUCT_NAME = "$(TARGET_NAME)";
				SWIFT_EMIT_LOC_STRINGS = NO;
				SWIFT_VERSION = 5.0;
				TARGETED_DEVICE_FAMILY = "1,2";
				TEST_HOST = "$(BUILT_PRODUCTS_DIR)/UnsplashApp.app/$(BUNDLE_EXECUTABLE_FOLDER_PATH)/UnsplashApp";
			};
			name = Debug;
		};
		1C8F86162B5FECA1006065E0 /* Release */ = {
			isa = XCBuildConfiguration;
			buildSettings = {
				ALWAYS_EMBED_SWIFT_STANDARD_LIBRARIES = YES;
				BUNDLE_LOADER = "$(TEST_HOST)";
				CODE_SIGN_STYLE = Automatic;
				CURRENT_PROJECT_VERSION = 1;
				GENERATE_INFOPLIST_FILE = YES;
				IPHONEOS_DEPLOYMENT_TARGET = 17.0;
				MARKETING_VERSION = 1.0;
				PRODUCT_BUNDLE_IDENTIFIER = IUT.UnsplashAppTests;
				PRODUCT_NAME = "$(TARGET_NAME)";
				SWIFT_EMIT_LOC_STRINGS = NO;
				SWIFT_VERSION = 5.0;
				TARGETED_DEVICE_FAMILY = "1,2";
				TEST_HOST = "$(BUILT_PRODUCTS_DIR)/UnsplashApp.app/$(BUNDLE_EXECUTABLE_FOLDER_PATH)/UnsplashApp";
			};
			name = Release;
		};
		1C8F86182B5FECA1006065E0 /* Debug */ = {
			isa = XCBuildConfiguration;
			buildSettings = {
				ALWAYS_EMBED_SWIFT_STANDARD_LIBRARIES = YES;
				CODE_SIGN_STYLE = Automatic;
				CURRENT_PROJECT_VERSION = 1;
				GENERATE_INFOPLIST_FILE = YES;
				MARKETING_VERSION = 1.0;
				PRODUCT_BUNDLE_IDENTIFIER = IUT.UnsplashAppUITests;
				PRODUCT_NAME = "$(TARGET_NAME)";
				SWIFT_EMIT_LOC_STRINGS = NO;
				SWIFT_VERSION = 5.0;
				TARGETED_DEVICE_FAMILY = "1,2";
				TEST_TARGET_NAME = UnsplashApp;
			};
			name = Debug;
		};
		1C8F86192B5FECA1006065E0 /* Release */ = {
			isa = XCBuildConfiguration;
			buildSettings = {
				ALWAYS_EMBED_SWIFT_STANDARD_LIBRARIES = YES;
				CODE_SIGN_STYLE = Automatic;
				CURRENT_PROJECT_VERSION = 1;
				GENERATE_INFOPLIST_FILE = YES;
				MARKETING_VERSION = 1.0;
				PRODUCT_BUNDLE_IDENTIFIER = IUT.UnsplashAppUITests;
				PRODUCT_NAME = "$(TARGET_NAME)";
				SWIFT_EMIT_LOC_STRINGS = NO;
				SWIFT_VERSION = 5.0;
				TARGETED_DEVICE_FAMILY = "1,2";
				TEST_TARGET_NAME = UnsplashApp;
			};
			name = Release;
		};
/* End XCBuildConfiguration section */

/* Begin XCConfigurationList section */
		1C8F85E82B5FEC9F006065E0 /* Build configuration list for PBXProject "UnsplashApp" */ = {
			isa = XCConfigurationList;
			buildConfigurations = (
				1C8F860F2B5FECA1006065E0 /* Debug */,
				1C8F86102B5FECA1006065E0 /* Release */,
			);
			defaultConfigurationIsVisible = 0;
			defaultConfigurationName = Release;
		};
		1C8F86112B5FECA1006065E0 /* Build configuration list for PBXNativeTarget "UnsplashApp" */ = {
			isa = XCConfigurationList;
			buildConfigurations = (
				1C8F86122B5FECA1006065E0 /* Debug */,
				1C8F86132B5FECA1006065E0 /* Release */,
			);
			defaultConfigurationIsVisible = 0;
			defaultConfigurationName = Release;
		};
		1C8F86142B5FECA1006065E0 /* Build configuration list for PBXNativeTarget "UnsplashAppTests" */ = {
			isa = XCConfigurationList;
			buildConfigurations = (
				1C8F86152B5FECA1006065E0 /* Debug */,
				1C8F86162B5FECA1006065E0 /* Release */,
			);
			defaultConfigurationIsVisible = 0;
			defaultConfigurationName = Release;
		};
		1C8F86172B5FECA1006065E0 /* Build configuration list for PBXNativeTarget "UnsplashAppUITests" */ = {
			isa = XCConfigurationList;
			buildConfigurations = (
				1C8F86182B5FECA1006065E0 /* Debug */,
				1C8F86192B5FECA1006065E0 /* Release */,
			);
			defaultConfigurationIsVisible = 0;
			defaultConfigurationName = Release;
		};
/* End XCConfigurationList section */
	};
	rootObject = 1C8F85E52B5FEC9F006065E0 /* Project object */;
}
